
Microsoft Visual Studio Solution File, Format Version 12.00
# Visual Studio 15
Project("{FAE04EC0-301F-11D3-BF4B-00C04F79EFBC}") = "Assembly-CSharp", "Assembly-CSharp.csproj", "{884CCB72-5CBF-A424-B7AB-26FF63931C97}"
EndProject
Project("{FAE04EC0-301F-11D3-BF4B-00C04F79EFBC}") = "Assembly-CSharp-Editor", "Assembly-CSharp-Editor.csproj", "{16430459-10B0-76C8-16BE-FC657F5F6E1A}"
EndProject
Global
	GlobalSection(SolutionConfigurationPlatforms) = preSolution
		Debug|Any CPU = Debug|Any CPU
		Release|Any CPU = Release|Any CPU
	EndGlobalSection
	GlobalSection(ProjectConfigurationPlatforms) = postSolution
		{884CCB72-5CBF-A424-B7AB-26FF63931C97}.Debug|Any CPU.ActiveCfg = Debug|Any CPU
		{884CCB72-5CBF-A424-B7AB-26FF63931C97}.Debug|Any CPU.Build.0 = Debug|Any CPU
		{884CCB72-5CBF-A424-B7AB-26FF63931C97}.Release|Any CPU.ActiveCfg = Release|Any CPU
		{884CCB72-5CBF-A424-B7AB-26FF63931C97}.Release|Any CPU.Build.0 = Release|Any CPU
		{16430459-10B0-76C8-16BE-FC657F5F6E1A}.Debug|Any CPU.ActiveCfg = Debug|Any CPU
		{16430459-10B0-76C8-16BE-FC657F5F6E1A}.Debug|Any CPU.Build.0 = Debug|Any CPU
		{16430459-10B0-76C8-16BE-FC657F5F6E1A}.Release|Any CPU.ActiveCfg = Release|Any CPU
		{16430459-10B0-76C8-16BE-FC657F5F6E1A}.Release|Any CPU.Build.0 = Release|Any CPU
	EndGlobalSection
	GlobalSection(SolutionProperties) = preSolution
		HideSolutionNode = FALSE
	EndGlobalSection
EndGlobal
